
Microsoft Visual Studio Solution File, Format Version 12.00
# Visual Studio Version 17
VisualStudioVersion = 17.7.34024.191
MinimumVisualStudioVersion = 10.0.40219.1
Project("{9A19103F-16F7-4668-BE54-9A1E7A4F7556}") = "Blazor", "Blazor\Blazor.csproj", "{33E29180-DD4F-4EB0-850B-0E89A9DA9681}"
	ProjectSection(ProjectDependencies) = postProject
		{D7272CE0-1358-4BE1-B00E-8F660DDDE4BF} = {D7272CE0-1358-4BE1-B00E-8F660DDDE4BF}
	EndProjectSection
EndProject
Project("{9A19103F-16F7-4668-BE54-9A1E7A4F7556}") = "WebAPI", "WebAPI\WebAPI.csproj", "{1537ED85-2F88-4D5E-85B5-7BF4F5CE92A3}"
EndProject
Project("{9A19103F-16F7-4668-BE54-9A1E7A4F7556}") = "SharedModels", "Shared\SharedModels.csproj", "{D7272CE0-1358-4BE1-B00E-8F660DDDE4BF}"
EndProject
Project("{9A19103F-16F7-4668-BE54-9A1E7A4F7556}") = "BlogUnitTest", "BlogUnitTest\BlogUnitTest.csproj", "{12F92081-DDE7-49CB-95E9-D55AEE0CFAF1}"
EndProject
Global
	GlobalSection(SolutionConfigurationPlatforms) = preSolution
		Debug|Any CPU = Debug|Any CPU
		Release|Any CPU = Release|Any CPU
	EndGlobalSection
	GlobalSection(ProjectConfigurationPlatforms) = postSolution
		{33E29180-DD4F-4EB0-850B-0E89A9DA9681}.Debug|Any CPU.ActiveCfg = Debug|Any CPU
		{33E29180-DD4F-4EB0-850B-0E89A9DA9681}.Debug|Any CPU.Build.0 = Debug|Any CPU
		{33E29180-DD4F-4EB0-850B-0E89A9DA9681}.Release|Any CPU.ActiveCfg = Release|Any CPU
		{33E29180-DD4F-4EB0-850B-0E89A9DA9681}.Release|Any CPU.Build.0 = Release|Any CPU
		{1537ED85-2F88-4D5E-85B5-7BF4F5CE92A3}.Debug|Any CPU.ActiveCfg = Debug|Any CPU
		{1537ED85-2F88-4D5E-85B5-7BF4F5CE92A3}.Debug|Any CPU.Build.0 = Debug|Any CPU
		{1537ED85-2F88-4D5E-85B5-7BF4F5CE92A3}.Release|Any CPU.ActiveCfg = Release|Any CPU
		{1537ED85-2F88-4D5E-85B5-7BF4F5CE92A3}.Release|Any CPU.Build.0 = Release|Any CPU
		{D7272CE0-1358-4BE1-B00E-8F660DDDE4BF}.Debug|Any CPU.ActiveCfg = Debug|Any CPU
		{D7272CE0-1358-4BE1-B00E-8F660DDDE4BF}.Debug|Any CPU.Build.0 = Debug|Any CPU
		{D7272CE0-1358-4BE1-B00E-8F660DDDE4BF}.Release|Any CPU.ActiveCfg = Release|Any CPU
		{D7272CE0-1358-4BE1-B00E-8F660DDDE4BF}.Release|Any CPU.Build.0 = Release|Any CPU
		{12F92081-DDE7-49CB-95E9-D55AEE0CFAF1}.Debug|Any CPU.ActiveCfg = Debug|Any CPU
		{12F92081-DDE7-49CB-95E9-D55AEE0CFAF1}.Debug|Any CPU.Build.0 = Debug|Any CPU
		{12F92081-DDE7-49CB-95E9-D55AEE0CFAF1}.Release|Any CPU.ActiveCfg = Release|Any CPU
		{12F92081-DDE7-49CB-95E9-D55AEE0CFAF1}.Release|Any CPU.Build.0 = Release|Any CPU
	EndGlobalSection
	GlobalSection(SolutionProperties) = preSolution
		HideSolutionNode = FALSE
	EndGlobalSection
	GlobalSection(ExtensibilityGlobals) = postSolution
		SolutionGuid = {BEEC7C46-F642-4CE9-946F-DFC6FC9B0DD3}
	EndGlobalSection
EndGlobal
